# generated by rye
# use `rye lock` or `rye sync` to update this lockfile
#
# last locked with the following flags:
#   pre: false
#   features: []
#   all-features: false
#   with-sources: false
#   generate-hashes: false
#   universal: false

-e file:.
babel==2.16.0
    # via mkdocs-material
black==24.8.0
    # via stats-science
certifi==2024.8.30
    # via requests
cffi==1.17.1
    # via rpy2
charset-normalizer==3.3.2
    # via requests
click==8.1.7
    # via black
    # via mkdocs
    # via mkdocstrings
colorama==0.4.6
    # via griffe
    # via mkdocs-material
    # via taskipy
coverage==7.6.1
    # via pytest-cov
execnet==2.1.1
    # via pytest-xdist
ghp-import==2.1.0
    # via mkdocs
griffe==1.3.1
    # via mkdocstrings-python
idna==3.10
    # via requests
iniconfig==2.0.0
    # via pytest
jinja2==3.1.4
    # via mkdocs
    # via mkdocs-macros-plugin
    # via mkdocs-material
    # via mkdocstrings
    # via rpy2
markdown==3.7
    # via mkdocs
    # via mkdocs-autorefs
    # via mkdocs-material
    # via mkdocstrings
    # via pymdown-extensions
markupsafe==2.1.5
    # via jinja2
    # via mkdocs
    # via mkdocs-autorefs
    # via mkdocstrings
mergedeep==1.3.4
    # via mkdocs
    # via mkdocs-get-deps
mkdocs==1.6.1
    # via mkdocs-autorefs
    # via mkdocs-macros-plugin
    # via mkdocs-material
    # via mkdocstrings
mkdocs-autorefs==1.2.0
    # via mkdocstrings
    # via mkdocstrings-python
mkdocs-get-deps==0.2.0
    # via mkdocs
mkdocs-macros-plugin==1.2.0
    # via stats-science
mkdocs-material==9.5.36
    # via stats-science
mkdocs-material-extensions==1.3.1
    # via mkdocs-material
mkdocstrings==0.26.1
    # via mkdocstrings-python
    # via stats-science
mkdocstrings-python==1.11.1
    # via stats-science
mypy-extensions==1.0.0
    # via black
nodeenv==1.9.1
    # via pyright
numpy==2.0.2
    # via scipy
    # via stats-science
packaging==24.1
    # via black
    # via mkdocs
    # via mkdocs-macros-plugin
    # via pytest
paginate==0.5.7
    # via mkdocs-material
pathspec==0.12.1
    # via black
    # via mkdocs
platformdirs==4.3.6
    # via black
    # via mkdocs-get-deps
    # via mkdocstrings
pluggy==1.5.0
    # via pytest
psutil==5.9.8
    # via taskipy
pycparser==2.22
    # via cffi
pygments==2.18.0
    # via mkdocs-material
pymdown-extensions==10.10.1
    # via mkdocs-material
    # via mkdocstrings
pyright==1.1.381
pytest==8.3.3
    # via pytest-cov
    # via pytest-xdist
    # via stats-science
pytest-cov==5.0.0
    # via stats-science
pytest-xdist==3.6.1
    # via stats-science
python-dateutil==2.9.0.post0
    # via ghp-import
    # via mkdocs-macros-plugin
pyyaml==6.0.2
    # via mkdocs
    # via mkdocs-get-deps
    # via mkdocs-macros-plugin
    # via pymdown-extensions
    # via pyyaml-env-tag
pyyaml-env-tag==0.1
    # via mkdocs
regex==2024.9.11
    # via mkdocs-material
requests==2.32.3
    # via mkdocs-material
rpy2==3.5.16
    # via stats-science
scipy==1.14.1
    # via stats-science
six==1.16.0
    # via python-dateutil
taskipy==1.13.0
    # via stats-science
termcolor==2.4.0
    # via mkdocs-macros-plugin
tomli==2.0.1
    # via taskipy
tzlocal==5.2
    # via rpy2
urllib3==2.2.3
    # via requests
watchdog==5.0.2
    # via mkdocs
